
Microsoft Visual Studio Solution File, Format Version 12.00
# Visual Studio Version 17
VisualStudioVersion = 17.8.34322.80
MinimumVisualStudioVersion = 10.0.40219.1
Project("{2150E333-8FDC-42A3-9474-1A3956D46DE8}") = "src", "src", "{BA226C33-8540-4DEA-8A4B-DAADBC91AA07}"
EndProject
Project("{2150E333-8FDC-42A3-9474-1A3956D46DE8}") = "tests", "tests", "{42B61A19-2957-41DA-BC06-832D035D347E}"
EndProject
Project("{2150E333-8FDC-42A3-9474-1A3956D46DE8}") = "Solution Items", "Solution Items", "{34E8FDC8-59BE-4EF2-AD62-F0840D2F05CC}"
	ProjectSection(SolutionItems) = preProject
		src\docker-compose.override.yml = src\docker-compose.override.yml
		src\docker-compose.yml = src\docker-compose.yml
		global.json = global.json
		LICENSE.txt = LICENSE.txt
		README.md = README.md
	EndProjectSection
EndProject
Project("{2150E333-8FDC-42A3-9474-1A3956D46DE8}") = "ApiGateways", "ApiGateways", "{798DB2C4-21F0-4651-BCF7-F953B0700E14}"
EndProject
Project("{2150E333-8FDC-42A3-9474-1A3956D46DE8}") = "BuildingBlocks", "BuildingBlocks", "{3F9F992E-35F4-4457-BE55-CBCD047D4777}"
EndProject
Project("{2150E333-8FDC-42A3-9474-1A3956D46DE8}") = "Services", "Services", "{8CE1EADE-439B-4287-83CE-88F44684A7E9}"
EndProject
Project("{2150E333-8FDC-42A3-9474-1A3956D46DE8}") = "WebApps", "WebApps", "{FD2E46E7-586C-46DC-80EA-D2F174E5D8F3}"
EndProject
Project("{9A19103F-16F7-4668-BE54-9A1E7A4F7556}") = "Common.Logging", "src\BuildingBlocks\Common.Logging\Common.Logging.csproj", "{77DF9FAE-41C8-4FFD-B852-67EA9084A66D}"
EndProject
Project("{9A19103F-16F7-4668-BE54-9A1E7A4F7556}") = "EventBus.Messages", "src\BuildingBlocks\EventBus.Messages\EventBus.Messages.csproj", "{407E2064-F034-4970-A30B-5C12DE93EF2C}"
EndProject
Project("{2150E333-8FDC-42A3-9474-1A3956D46DE8}") = "Basket", "Basket", "{169E8030-66D2-48E5-96D7-E78AB6AE6D73}"
EndProject
Project("{2150E333-8FDC-42A3-9474-1A3956D46DE8}") = "Customer", "Customer", "{8ED765C4-E44B-43B1-B385-D37453DA1774}"
EndProject
Project("{2150E333-8FDC-42A3-9474-1A3956D46DE8}") = "Inventory", "Inventory", "{09D053EF-7C25-4410-BA27-6D3CBFE2FA17}"
EndProject
Project("{2150E333-8FDC-42A3-9474-1A3956D46DE8}") = "Ordering", "Ordering", "{3141B292-553C-4957-81DA-8BA2DD8A5971}"
EndProject
Project("{2150E333-8FDC-42A3-9474-1A3956D46DE8}") = "Product", "Product", "{E272B87A-B491-465B-8F2F-2715138FED3F}"
EndProject
Project("{2150E333-8FDC-42A3-9474-1A3956D46DE8}") = "ScheduledJob", "ScheduledJob", "{7E398964-11D3-49B3-8DF8-D7CC09D77461}"
EndProject
Project("{9A19103F-16F7-4668-BE54-9A1E7A4F7556}") = "WebHealthStatus", "src\WebApps\WebHealthStatus\WebHealthStatus.csproj", "{CBB09E8F-3F0F-44F2-BA31-8739BC02E330}"
EndProject
Project("{9A19103F-16F7-4668-BE54-9A1E7A4F7556}") = "Basket.API", "src\Services\Basket.API\Basket.API.csproj", "{69851017-3C88-4E70-B663-AD65B95BDFD5}"
EndProject
Project("{9A19103F-16F7-4668-BE54-9A1E7A4F7556}") = "Customer.API", "src\Services\Customer.API\Customer.API.csproj", "{E790E05F-4A9E-4A8F-B091-B02100555F69}"
EndProject
Project("{9A19103F-16F7-4668-BE54-9A1E7A4F7556}") = "Inventory.Product.API", "src\Services\Inventory.Product.API\Inventory.Product.API.csproj", "{7024A06B-0B1E-46BB-9596-1D183F27B995}"
EndProject
Project("{9A19103F-16F7-4668-BE54-9A1E7A4F7556}") = "Product.API", "src\Services\Product.API\Product.API.csproj", "{A92E4B97-0385-4204-A1A0-C3DC92FF54E2}"
EndProject
Project("{9A19103F-16F7-4668-BE54-9A1E7A4F7556}") = "Hangfire.API", "src\Services\Hangfire.API\Hangfire.API.csproj", "{B71ACE64-00C3-48A0-8CC9-BB2E824BC2B4}"
EndProject
Project("{9A19103F-16F7-4668-BE54-9A1E7A4F7556}") = "Contracts", "src\BuildingBlocks\Contracts\Contracts.csproj", "{884038B5-1B24-4C12-A710-B1336D7E80F3}"
EndProject
Project("{9A19103F-16F7-4668-BE54-9A1E7A4F7556}") = "Infrastructure", "src\BuildingBlocks\Infrastructure\Infrastructure.csproj", "{6240966D-692D-4383-A73F-03C734B6A4BE}"
EndProject
Project("{9A19103F-16F7-4668-BE54-9A1E7A4F7556}") = "Shared", "src\BuildingBlocks\Shared\Shared.csproj", "{907DA03E-90B7-41C2-85CB-BE0C3DC018D2}"
EndProject
Project("{9A19103F-16F7-4668-BE54-9A1E7A4F7556}") = "OcelotApiGw", "src\ApiGateways\OcelotApiGw\OcelotApiGw.csproj", "{F275DA04-89C7-48FD-8B8C-D75CF1B125EA}"
EndProject
Project("{9A19103F-16F7-4668-BE54-9A1E7A4F7556}") = "Ordering.API", "src\Services\Ordering\Ordering.API\Ordering.API.csproj", "{33688703-2E88-4840-9CD9-060482DDE6F7}"
EndProject
Project("{9A19103F-16F7-4668-BE54-9A1E7A4F7556}") = "Ordering.Domain", "src\Services\Ordering\Ordering.Domain\Ordering.Domain.csproj", "{797F05A5-917E-49DE-80B4-54AD090C8B02}"
EndProject
Project("{9A19103F-16F7-4668-BE54-9A1E7A4F7556}") = "Ordering.Infrastructure", "src\Services\Ordering\Ordering.Infrastructure\Ordering.Infrastructure.csproj", "{7CBA8362-8BEF-449E-910B-5D43A3A34835}"
EndProject
Project("{9A19103F-16F7-4668-BE54-9A1E7A4F7556}") = "Ordering.Application", "src\Services\Ordering\Ordering.Application\Ordering.Application.csproj", "{BAFBF091-94C1-4157-AA2E-D79EE04AA156}"
EndProject
Global
	GlobalSection(SolutionConfigurationPlatforms) = preSolution
		Debug|Any CPU = Debug|Any CPU
		Release|Any CPU = Release|Any CPU
	EndGlobalSection
	GlobalSection(ProjectConfigurationPlatforms) = postSolution
		{77DF9FAE-41C8-4FFD-B852-67EA9084A66D}.Debug|Any CPU.ActiveCfg = Debug|Any CPU
		{77DF9FAE-41C8-4FFD-B852-67EA9084A66D}.Debug|Any CPU.Build.0 = Debug|Any CPU
		{77DF9FAE-41C8-4FFD-B852-67EA9084A66D}.Release|Any CPU.ActiveCfg = Release|Any CPU
		{77DF9FAE-41C8-4FFD-B852-67EA9084A66D}.Release|Any CPU.Build.0 = Release|Any CPU
		{407E2064-F034-4970-A30B-5C12DE93EF2C}.Debug|Any CPU.ActiveCfg = Debug|Any CPU
		{407E2064-F034-4970-A30B-5C12DE93EF2C}.Debug|Any CPU.Build.0 = Debug|Any CPU
		{407E2064-F034-4970-A30B-5C12DE93EF2C}.Release|Any CPU.ActiveCfg = Release|Any CPU
		{407E2064-F034-4970-A30B-5C12DE93EF2C}.Release|Any CPU.Build.0 = Release|Any CPU
		{CBB09E8F-3F0F-44F2-BA31-8739BC02E330}.Debug|Any CPU.ActiveCfg = Debug|Any CPU
		{CBB09E8F-3F0F-44F2-BA31-8739BC02E330}.Debug|Any CPU.Build.0 = Debug|Any CPU
		{CBB09E8F-3F0F-44F2-BA31-8739BC02E330}.Release|Any CPU.ActiveCfg = Release|Any CPU
		{CBB09E8F-3F0F-44F2-BA31-8739BC02E330}.Release|Any CPU.Build.0 = Release|Any CPU
		{69851017-3C88-4E70-B663-AD65B95BDFD5}.Debug|Any CPU.ActiveCfg = Debug|Any CPU
		{69851017-3C88-4E70-B663-AD65B95BDFD5}.Debug|Any CPU.Build.0 = Debug|Any CPU
		{69851017-3C88-4E70-B663-AD65B95BDFD5}.Release|Any CPU.ActiveCfg = Release|Any CPU
		{69851017-3C88-4E70-B663-AD65B95BDFD5}.Release|Any CPU.Build.0 = Release|Any CPU
		{E790E05F-4A9E-4A8F-B091-B02100555F69}.Debug|Any CPU.ActiveCfg = Debug|Any CPU
		{E790E05F-4A9E-4A8F-B091-B02100555F69}.Debug|Any CPU.Build.0 = Debug|Any CPU
		{E790E05F-4A9E-4A8F-B091-B02100555F69}.Release|Any CPU.ActiveCfg = Release|Any CPU
		{E790E05F-4A9E-4A8F-B091-B02100555F69}.Release|Any CPU.Build.0 = Release|Any CPU
		{7024A06B-0B1E-46BB-9596-1D183F27B995}.Debug|Any CPU.ActiveCfg = Debug|Any CPU
		{7024A06B-0B1E-46BB-9596-1D183F27B995}.Debug|Any CPU.Build.0 = Debug|Any CPU
		{7024A06B-0B1E-46BB-9596-1D183F27B995}.Release|Any CPU.ActiveCfg = Release|Any CPU
		{7024A06B-0B1E-46BB-9596-1D183F27B995}.Release|Any CPU.Build.0 = Release|Any CPU
		{A92E4B97-0385-4204-A1A0-C3DC92FF54E2}.Debug|Any CPU.ActiveCfg = Debug|Any CPU
		{A92E4B97-0385-4204-A1A0-C3DC92FF54E2}.Debug|Any CPU.Build.0 = Debug|Any CPU
		{A92E4B97-0385-4204-A1A0-C3DC92FF54E2}.Release|Any CPU.ActiveCfg = Release|Any CPU
		{A92E4B97-0385-4204-A1A0-C3DC92FF54E2}.Release|Any CPU.Build.0 = Release|Any CPU
		{B71ACE64-00C3-48A0-8CC9-BB2E824BC2B4}.Debug|Any CPU.ActiveCfg = Debug|Any CPU
		{B71ACE64-00C3-48A0-8CC9-BB2E824BC2B4}.Debug|Any CPU.Build.0 = Debug|Any CPU
		{B71ACE64-00C3-48A0-8CC9-BB2E824BC2B4}.Release|Any CPU.ActiveCfg = Release|Any CPU
		{B71ACE64-00C3-48A0-8CC9-BB2E824BC2B4}.Release|Any CPU.Build.0 = Release|Any CPU
		{884038B5-1B24-4C12-A710-B1336D7E80F3}.Debug|Any CPU.ActiveCfg = Debug|Any CPU
		{884038B5-1B24-4C12-A710-B1336D7E80F3}.Debug|Any CPU.Build.0 = Debug|Any CPU
		{884038B5-1B24-4C12-A710-B1336D7E80F3}.Release|Any CPU.ActiveCfg = Release|Any CPU
		{884038B5-1B24-4C12-A710-B1336D7E80F3}.Release|Any CPU.Build.0 = Release|Any CPU
		{6240966D-692D-4383-A73F-03C734B6A4BE}.Debug|Any CPU.ActiveCfg = Debug|Any CPU
		{6240966D-692D-4383-A73F-03C734B6A4BE}.Debug|Any CPU.Build.0 = Debug|Any CPU
		{6240966D-692D-4383-A73F-03C734B6A4BE}.Release|Any CPU.ActiveCfg = Release|Any CPU
		{6240966D-692D-4383-A73F-03C734B6A4BE}.Release|Any CPU.Build.0 = Release|Any CPU
		{907DA03E-90B7-41C2-85CB-BE0C3DC018D2}.Debug|Any CPU.ActiveCfg = Debug|Any CPU
		{907DA03E-90B7-41C2-85CB-BE0C3DC018D2}.Debug|Any CPU.Build.0 = Debug|Any CPU
		{907DA03E-90B7-41C2-85CB-BE0C3DC018D2}.Release|Any CPU.ActiveCfg = Release|Any CPU
		{907DA03E-90B7-41C2-85CB-BE0C3DC018D2}.Release|Any CPU.Build.0 = Release|Any CPU
		{F275DA04-89C7-48FD-8B8C-D75CF1B125EA}.Debug|Any CPU.ActiveCfg = Debug|Any CPU
		{F275DA04-89C7-48FD-8B8C-D75CF1B125EA}.Debug|Any CPU.Build.0 = Debug|Any CPU
		{F275DA04-89C7-48FD-8B8C-D75CF1B125EA}.Release|Any CPU.ActiveCfg = Release|Any CPU
		{F275DA04-89C7-48FD-8B8C-D75CF1B125EA}.Release|Any CPU.Build.0 = Release|Any CPU
		{33688703-2E88-4840-9CD9-060482DDE6F7}.Debug|Any CPU.ActiveCfg = Debug|Any CPU
		{33688703-2E88-4840-9CD9-060482DDE6F7}.Debug|Any CPU.Build.0 = Debug|Any CPU
		{33688703-2E88-4840-9CD9-060482DDE6F7}.Release|Any CPU.ActiveCfg = Release|Any CPU
		{33688703-2E88-4840-9CD9-060482DDE6F7}.Release|Any CPU.Build.0 = Release|Any CPU
		{797F05A5-917E-49DE-80B4-54AD090C8B02}.Debug|Any CPU.ActiveCfg = Debug|Any CPU
		{797F05A5-917E-49DE-80B4-54AD090C8B02}.Debug|Any CPU.Build.0 = Debug|Any CPU
		{797F05A5-917E-49DE-80B4-54AD090C8B02}.Release|Any CPU.ActiveCfg = Release|Any CPU
		{797F05A5-917E-49DE-80B4-54AD090C8B02}.Release|Any CPU.Build.0 = Release|Any CPU
		{7CBA8362-8BEF-449E-910B-5D43A3A34835}.Debug|Any CPU.ActiveCfg = Debug|Any CPU
		{7CBA8362-8BEF-449E-910B-5D43A3A34835}.Debug|Any CPU.Build.0 = Debug|Any CPU
		{7CBA8362-8BEF-449E-910B-5D43A3A34835}.Release|Any CPU.ActiveCfg = Release|Any CPU
		{7CBA8362-8BEF-449E-910B-5D43A3A34835}.Release|Any CPU.Build.0 = Release|Any CPU
		{BAFBF091-94C1-4157-AA2E-D79EE04AA156}.Debug|Any CPU.ActiveCfg = Debug|Any CPU
		{BAFBF091-94C1-4157-AA2E-D79EE04AA156}.Debug|Any CPU.Build.0 = Debug|Any CPU
		{BAFBF091-94C1-4157-AA2E-D79EE04AA156}.Release|Any CPU.ActiveCfg = Release|Any CPU
		{BAFBF091-94C1-4157-AA2E-D79EE04AA156}.Release|Any CPU.Build.0 = Release|Any CPU
	EndGlobalSection
	GlobalSection(SolutionProperties) = preSolution
		HideSolutionNode = FALSE
	EndGlobalSection
	GlobalSection(NestedProjects) = preSolution
		{798DB2C4-21F0-4651-BCF7-F953B0700E14} = {BA226C33-8540-4DEA-8A4B-DAADBC91AA07}
		{3F9F992E-35F4-4457-BE55-CBCD047D4777} = {BA226C33-8540-4DEA-8A4B-DAADBC91AA07}
		{8CE1EADE-439B-4287-83CE-88F44684A7E9} = {BA226C33-8540-4DEA-8A4B-DAADBC91AA07}
		{FD2E46E7-586C-46DC-80EA-D2F174E5D8F3} = {BA226C33-8540-4DEA-8A4B-DAADBC91AA07}
		{77DF9FAE-41C8-4FFD-B852-67EA9084A66D} = {3F9F992E-35F4-4457-BE55-CBCD047D4777}
		{407E2064-F034-4970-A30B-5C12DE93EF2C} = {3F9F992E-35F4-4457-BE55-CBCD047D4777}
		{169E8030-66D2-48E5-96D7-E78AB6AE6D73} = {8CE1EADE-439B-4287-83CE-88F44684A7E9}
		{8ED765C4-E44B-43B1-B385-D37453DA1774} = {8CE1EADE-439B-4287-83CE-88F44684A7E9}
		{09D053EF-7C25-4410-BA27-6D3CBFE2FA17} = {8CE1EADE-439B-4287-83CE-88F44684A7E9}
		{3141B292-553C-4957-81DA-8BA2DD8A5971} = {8CE1EADE-439B-4287-83CE-88F44684A7E9}
		{E272B87A-B491-465B-8F2F-2715138FED3F} = {8CE1EADE-439B-4287-83CE-88F44684A7E9}
		{7E398964-11D3-49B3-8DF8-D7CC09D77461} = {8CE1EADE-439B-4287-83CE-88F44684A7E9}
		{CBB09E8F-3F0F-44F2-BA31-8739BC02E330} = {FD2E46E7-586C-46DC-80EA-D2F174E5D8F3}
		{69851017-3C88-4E70-B663-AD65B95BDFD5} = {169E8030-66D2-48E5-96D7-E78AB6AE6D73}
		{E790E05F-4A9E-4A8F-B091-B02100555F69} = {8ED765C4-E44B-43B1-B385-D37453DA1774}
		{7024A06B-0B1E-46BB-9596-1D183F27B995} = {09D053EF-7C25-4410-BA27-6D3CBFE2FA17}
		{A92E4B97-0385-4204-A1A0-C3DC92FF54E2} = {E272B87A-B491-465B-8F2F-2715138FED3F}
		{B71ACE64-00C3-48A0-8CC9-BB2E824BC2B4} = {7E398964-11D3-49B3-8DF8-D7CC09D77461}
		{884038B5-1B24-4C12-A710-B1336D7E80F3} = {3F9F992E-35F4-4457-BE55-CBCD047D4777}
		{6240966D-692D-4383-A73F-03C734B6A4BE} = {3F9F992E-35F4-4457-BE55-CBCD047D4777}
		{907DA03E-90B7-41C2-85CB-BE0C3DC018D2} = {3F9F992E-35F4-4457-BE55-CBCD047D4777}
		{F275DA04-89C7-48FD-8B8C-D75CF1B125EA} = {798DB2C4-21F0-4651-BCF7-F953B0700E14}
		{33688703-2E88-4840-9CD9-060482DDE6F7} = {3141B292-553C-4957-81DA-8BA2DD8A5971}
		{797F05A5-917E-49DE-80B4-54AD090C8B02} = {3141B292-553C-4957-81DA-8BA2DD8A5971}
		{7CBA8362-8BEF-449E-910B-5D43A3A34835} = {3141B292-553C-4957-81DA-8BA2DD8A5971}
		{BAFBF091-94C1-4157-AA2E-D79EE04AA156} = {3141B292-553C-4957-81DA-8BA2DD8A5971}
	EndGlobalSection
	GlobalSection(ExtensibilityGlobals) = postSolution
		SolutionGuid = {77349A6F-4CDA-430B-85BE-A6E5A5F4ACE0}
	EndGlobalSection
EndGlobal
